
Microsoft Visual Studio Solution File, Format Version 12.00
# Visual Studio Version 17
VisualStudioVersion = 17.9.34728.123
MinimumVisualStudioVersion = 10.0.40219.1
Project("{FAE04EC0-301F-11D3-BF4B-00C04F79EFBC}") = "CakeBuild", "CakeBuild\CakeBuild.csproj", "{AB0147EF-C0DD-4951-A708-FA7E5A19F888}"
EndProject
Project("{FAE04EC0-301F-11D3-BF4B-00C04F79EFBC}") = "gearofmadness", "gearofmadness\gearofmadness.csproj", "{4D351DBD-77E6-47FA-AD51-915FE2C4154E}"
EndProject
Global
	GlobalSection(SolutionConfigurationPlatforms) = preSolution
		Debug|Any CPU = Debug|Any CPU
		Release|Any CPU = Release|Any CPU
	EndGlobalSection
	GlobalSection(ProjectConfigurationPlatforms) = postSolution
		{AB0147EF-C0DD-4951-A708-FA7E5A19F888}.Debug|Any CPU.ActiveCfg = Debug|Any CPU
		{AB0147EF-C0DD-4951-A708-FA7E5A19F888}.Debug|Any CPU.Build.0 = Debug|Any CPU
		{AB0147EF-C0DD-4951-A708-FA7E5A19F888}.Release|Any CPU.ActiveCfg = Release|Any CPU
		{AB0147EF-C0DD-4951-A708-FA7E5A19F888}.Release|Any CPU.Build.0 = Release|Any CPU
		{4D351DBD-77E6-47FA-AD51-915FE2C4154E}.Debug|Any CPU.ActiveCfg = Debug|Any CPU
		{4D351DBD-77E6-47FA-AD51-915FE2C4154E}.Debug|Any CPU.Build.0 = Debug|Any CPU
		{4D351DBD-77E6-47FA-AD51-915FE2C4154E}.Release|Any CPU.ActiveCfg = Release|Any CPU
		{4D351DBD-77E6-47FA-AD51-915FE2C4154E}.Release|Any CPU.Build.0 = Release|Any CPU
	EndGlobalSection
	GlobalSection(SolutionProperties) = preSolution
		HideSolutionNode = FALSE
	EndGlobalSection
	GlobalSection(ExtensibilityGlobals) = postSolution
		SolutionGuid = {41CF5B73-5FB7-490D-AF80-907523EFB7B8}
	EndGlobalSection
EndGlobal
